
Microsoft Visual Studio Solution File, Format Version 12.00
# Visual Studio 15
Project("{FAE04EC0-301F-11D3-BF4B-00C04F79EFBC}") = "Assembly-CSharp", "Assembly-CSharp.csproj", "{BC14676D-D128-AE4A-53A7-699897E8DAAF}"
EndProject
Global
	GlobalSection(SolutionConfigurationPlatforms) = preSolution
		Debug|Any CPU = Debug|Any CPU
		Release|Any CPU = Release|Any CPU
	EndGlobalSection
	GlobalSection(ProjectConfigurationPlatforms) = postSolution
		{BC14676D-D128-AE4A-53A7-699897E8DAAF}.Debug|Any CPU.ActiveCfg = Debug|Any CPU
		{BC14676D-D128-AE4A-53A7-699897E8DAAF}.Debug|Any CPU.Build.0 = Debug|Any CPU
		{BC14676D-D128-AE4A-53A7-699897E8DAAF}.Release|Any CPU.ActiveCfg = Release|Any CPU
		{BC14676D-D128-AE4A-53A7-699897E8DAAF}.Release|Any CPU.Build.0 = Release|Any CPU
	EndGlobalSection
	GlobalSection(SolutionProperties) = preSolution
		HideSolutionNode = FALSE
	EndGlobalSection
EndGlobal
